# THIS IS AN AUTOGENERATED FILE. DO NOT EDIT THIS FILE DIRECTLY.
# yarn lockfile v1


abbrev@1:
  version "1.1.1"
  resolved "http://r.cnpmjs.org/abbrev/download/abbrev-1.1.1.tgz#f8f2c887ad10bf67f634f005b6987fed3179aac8"

amdefine@>=0.0.4:
  version "1.0.1"
  resolved "http://r.cnpmjs.org/amdefine/download/amdefine-1.0.1.tgz#4a5282ac164729e93619bcfd3ad151f817ce91f5"

ansi-regex@^2.0.0:
  version "2.1.1"
  resolved "http://r.cnpmjs.org/ansi-regex/download/ansi-regex-2.1.1.tgz#c3b33ab5ee360d86e0e628f0468ae7ef27d654df"

ansi-styles@^2.2.1:
  version "2.2.1"
  resolved "http://r.cnpmjs.org/ansi-styles/download/ansi-styles-2.2.1.tgz#b432dd3358b634cf75e1e4664368240533c1ddbe"

"argparse@~ 0.1.11":
  version "0.1.16"
  resolved "http://r.cnpmjs.org/argparse/download/argparse-0.1.16.tgz#cfd01e0fbba3d6caed049fbd758d40f65196f57c"
  dependencies:
    underscore "~1.7.0"
    underscore.string "~2.4.0"

asn1@~0.2.3:
  version "0.2.4"
  resolved "http://r.cnpmjs.org/asn1/download/asn1-0.2.4.tgz#8d2475dfab553bb33e77b54e59e880bb8ce23136"
  dependencies:
    safer-buffer "~2.1.0"

assert-plus@1.0.0, assert-plus@^1.0.0:
  version "1.0.0"
  resolved "http://r.cnpmjs.org/assert-plus/download/assert-plus-1.0.0.tgz#f12e0f3c5d77b0b1cdd9146942e4e96c1e4dd525"

assert-plus@^0.2.0:
  version "0.2.0"
  resolved "http://r.cnpmjs.org/assert-plus/download/assert-plus-0.2.0.tgz#d74e1b87e7affc0db8aadb7021f3fe48101ab234"

async@0.1.15:
  version "0.1.15"
  resolved "http://r.cnpmjs.org/async/download/async-0.1.15.tgz#2180eaca2cf2a6ca5280d41c0585bec9b3e49bd3"

async@0.2.9:
  version "0.2.9"
  resolved "http://r.cnpmjs.org/async/download/async-0.2.9.tgz#df63060fbf3d33286a76aaf6d55a2986d9ff8619"

async@^2.0.1:
  version "2.6.3"
  resolved "http://r.cnpmjs.org/async/download/async-2.6.3.tgz#d72625e2344a3656e3a3ad4fa749fa83299d82ff"
  dependencies:
    lodash "^4.17.14"

async@~0.1.22:
  version "0.1.22"
  resolved "http://r.cnpmjs.org/async/download/async-0.1.22.tgz#0fc1aaa088a0e3ef0ebe2d8831bab0dcf8845061"

async@~0.2.10, async@~0.2.6, async@~0.2.9:
  version "0.2.10"
  resolved "http://r.cnpmjs.org/async/download/async-0.2.10.tgz#b6bbe0b0674b9d719708ca38de8c237cb526c3d1"

aws-sign2@~0.6.0:
  version "0.6.0"
  resolved "http://r.cnpmjs.org/aws-sign2/download/aws-sign2-0.6.0.tgz#14342dd38dbcc94d0e5b87d763cd63612c0e794f"

balanced-match@^1.0.0:
  version "1.0.0"
  resolved "http://r.cnpmjs.org/balanced-match/download/balanced-match-1.0.0.tgz#89b4d199ab2bee49de164ea02b89ce462d71b767"

batch@0.5.0:
  version "0.5.0"
  resolved "http://r.cnpmjs.org/batch/download/batch-0.5.0.tgz#fd2e05a7a5d696b4db9314013e285d8ff3557ec3"

bcrypt-pbkdf@^1.0.0:
  version "1.0.2"
  resolved "http://r.cnpmjs.org/bcrypt-pbkdf/download/bcrypt-pbkdf-1.0.2.tgz#a4301d389b6a43f9b67ff3ca11a3f6637e360e9e"
  dependencies:
    tweetnacl "^0.14.3"

bl@~1.0.0:
  version "1.0.3"
  resolved "http://r.cnpmjs.org/bl/download/bl-1.0.3.tgz#fc5421a28fd4226036c3b3891a66a25bc64d226e"
  dependencies:
    readable-stream "~2.0.5"

boom@2.x.x:
  version "2.10.1"
  resolved "http://r.cnpmjs.org/boom/download/boom-2.10.1.tgz#39c8918ceff5799f83f9492a848f625add0c766f"
  dependencies:
    hoek "2.x.x"

brace-expansion@^1.1.7:
  version "1.1.11"
  resolved "http://r.cnpmjs.org/brace-expansion/download/brace-expansion-1.1.11.tgz#3c7fcbf529d87226f3d2f52b966ff5271eb441dd"
  dependencies:
    balanced-match "^1.0.0"
    concat-map "0.0.1"

buffer-crc32@*:
  version "0.2.13"
  resolved "http://r.cnpmjs.org/buffer-crc32/download/buffer-crc32-0.2.13.tgz#0d333e3f00eac50aa1454abd30ef8c2a5d9a7242"

buffer-crc32@0.2.1:
  version "0.2.1"
  resolved "http://r.cnpmjs.org/buffer-crc32/download/buffer-crc32-0.2.1.tgz#be3e5382fc02b6d6324956ac1af98aa98b08534c"

bytes@0.2.1, bytes@~0.2.1:
  version "0.2.1"
  resolved "http://r.cnpmjs.org/bytes/download/bytes-0.2.1.tgz#555b08abcb063f8975905302523e4cd4ffdfdf31"

caseless@~0.11.0:
  version "0.11.0"
  resolved "http://r.cnpmjs.org/caseless/download/caseless-0.11.0.tgz#715b96ea9841593cc33067923f5ec60ebda4f7d7"

chalk@^1.1.1:
  version "1.1.3"
  resolved "http://r.cnpmjs.org/chalk/download/chalk-1.1.3.tgz#a8115c55e4a702fe4d150abd3872822a7e09fc98"
  dependencies:
    ansi-styles "^2.2.1"
    escape-string-regexp "^1.0.2"
    has-ansi "^2.0.0"
    strip-ansi "^3.0.0"
    supports-color "^2.0.0"

"charenc@>= 0.0.1":
  version "0.0.2"
  resolved "http://r.cnpmjs.org/charenc/download/charenc-0.0.2.tgz#c0a1d2f3a7092e03774bfa83f14c0fc5790a8667"

coffee-script@~1.3.3:
  version "1.3.3"
  resolved "http://r.cnpmjs.org/coffee-script/download/coffee-script-1.3.3.tgz#150d6b4cb522894369efed6a2101c20bc7f4a4f4"

collections@~0.1.3:
  version "0.1.24"
  resolved "http://r.cnpmjs.org/collections/download/collections-0.1.24.tgz#70f810c35784f3f3edfaa9cf262e64a50d9c908b"
  dependencies:
    weak-map "1.0.0"

colors@~0.6.0-1:
  version "0.6.2"
  resolved "http://r.cnpmjs.org/colors/download/colors-0.6.2.tgz#2423fe6678ac0c5dae8852e5d0e5be08c997abcc"

combined-stream@^1.0.5, combined-stream@~1.0.5:
  version "1.0.8"
  resolved "http://r.cnpmjs.org/combined-stream/download/combined-stream-1.0.8.tgz#c3d45a8b34fd730631a110a8a2520682b31d5a7f"
  dependencies:
    delayed-stream "~1.0.0"

commander@^2.9.0:
  version "2.20.0"
  resolved "http://r.cnpmjs.org/commander/download/commander-2.20.0.tgz#d58bb2b5c1ee8f87b0d340027e9e94e222c5a422"

commander@~1.1.1:
  version "1.1.1"
  resolved "http://r.cnpmjs.org/commander/download/commander-1.1.1.tgz#50d1651868ae60eccff0a2d9f34595376bc6b041"
  dependencies:
    keypress "0.1.x"

compressible@1.0.0:
  version "1.0.0"
  resolved "http://r.cnpmjs.org/compressible/download/compressible-1.0.0.tgz#f83e49c1cb61421753545125a8011d68b492427d"

concat-map@0.0.1:
  version "0.0.1"
  resolved "http://r.cnpmjs.org/concat-map/download/concat-map-0.0.1.tgz#d8a96bd77fd68df7793a73036a3ba0d5405d477b"

concat-stream@1.5.0:
  version "1.5.0"
  resolved "http://r.cnpmjs.org/concat-stream/download/concat-stream-1.5.0.tgz#53f7d43c51c5e43f81c8fdd03321c631be68d611"
  dependencies:
    inherits "~2.0.1"
    readable-stream "~2.0.0"
    typedarray "~0.0.5"

connect-livereload@~0.3.0:
  version "0.3.2"
  resolved "http://r.cnpmjs.org/connect-livereload/download/connect-livereload-0.3.2.tgz#ddb70aa50901d583783662770e3d3b63d7ce40ff"

connect@~2.13.0:
  version "2.13.1"
  resolved "http://r.cnpmjs.org/connect/download/connect-2.13.1.tgz#aab82be9f0765a423aa99431ab922aaa8081aa22"
  dependencies:
    batch "0.5.0"
    buffer-crc32 "0.2.1"
    bytes "0.2.1"
    compressible "1.0.0"
    cookie "0.1.0"
    cookie-signature "1.0.1"
    debug ">= 0.7.3 < 1"
    fresh "0.2.0"
    methods "0.1.0"
    multiparty "2.2.0"
    negotiator "0.3.0"
    pause "0.0.1"
    qs "0.6.6"
    raw-body "1.1.3"
    send "0.1.4"
    uid2 "0.0.3"

cookie-signature@1.0.1:
  version "1.0.1"
  resolved "http://r.cnpmjs.org/cookie-signature/download/cookie-signature-1.0.1.tgz#44e072148af01e6e8e24afbf12690d68ae698ecb"

cookie@0.1.0:
  version "0.1.0"
  resolved "http://r.cnpmjs.org/cookie/download/cookie-0.1.0.tgz#90eb469ddce905c866de687efc43131d8801f9d0"

core-util-is@1.0.2, core-util-is@~1.0.0:
  version "1.0.2"
  resolved "http://r.cnpmjs.org/core-util-is/download/core-util-is-1.0.2.tgz#b5fd54220aa2bc5ab57aab7140c940754503c1a7"

"crypt@>= 0.0.1":
  version "0.0.2"
  resolved "http://r.cnpmjs.org/crypt/download/crypt-0.0.2.tgz#88d7ff7ec0dfb86f713dc87bbb42d044d3e6c41b"

cryptiles@2.x.x:
  version "2.0.5"
  resolved "http://r.cnpmjs.org/cryptiles/download/cryptiles-2.0.5.tgz#3bdfecdc608147c1c67202fa291e7dca59eaa3b8"
  dependencies:
    boom "2.x.x"

dashdash@^1.12.0:
  version "1.14.1"
  resolved "http://r.cnpmjs.org/dashdash/download/dashdash-1.14.1.tgz#853cfa0f7cbe2fed5de20326b8dd581035f6e2f0"
  dependencies:
    assert-plus "^1.0.0"

dateformat@1.0.2-1.2.3:
  version "1.0.2-1.2.3"
  resolved "http://r.cnpmjs.org/dateformat/download/dateformat-1.0.2-1.2.3.tgz#b0220c02de98617433b72851cf47de3df2cdbee9"

debug@*:
  version "4.1.1"
  resolved "http://r.cnpmjs.org/debug/download/debug-4.1.1.tgz#3b72260255109c6b589cee050f1d516139664791"
  dependencies:
    ms "^2.1.1"

debug@0.7.4, debug@~0.7.0:
  version "0.7.4"
  resolved "http://r.cnpmjs.org/debug/download/debug-0.7.4.tgz#06e1ea8082c2cb14e39806e22e2f6f757f92af39"

"debug@>= 0.7.3 < 1":
  version "0.8.1"
  resolved "http://r.cnpmjs.org/debug/download/debug-0.8.1.tgz#20ff4d26f5e422cb68a1bacbbb61039ad8c1c130"

delayed-stream@~1.0.0:
  version "1.0.0"
  resolved "http://r.cnpmjs.org/delayed-stream/download/delayed-stream-1.0.0.tgz#df3ae199acadfb7d440aaae0b29e2272b24ec619"

ecc-jsbn@~0.1.1:
  version "0.1.2"
  resolved "http://r.cnpmjs.org/ecc-jsbn/download/ecc-jsbn-0.1.2.tgz#3a83a904e54353287874c564b7549386849a98c9"
  dependencies:
    jsbn "~0.1.0"
    safer-buffer "^2.1.0"

ejs@~0.8.4:
  version "0.8.8"
  resolved "http://r.cnpmjs.org/ejs/download/ejs-0.8.8.tgz#ffdc56dcc35d02926dd50ad13439bbc54061d598"

escape-string-regexp@^1.0.2:
  version "1.0.5"
  resolved "http://r.cnpmjs.org/escape-string-regexp/download/escape-string-regexp-1.0.5.tgz#1b61c0562190a8dff6ae3bb2cf0200ca130b86d4"

"esprima@~ 1.0.2":
  version "1.0.4"
  resolved "http://r.cnpmjs.org/esprima/download/esprima-1.0.4.tgz#9f557e08fc3b4d26ece9dd34f8fbf476b62585ad"

eventemitter2@~0.4.9:
  version "0.4.14"
  resolved "http://r.cnpmjs.org/eventemitter2/download/eventemitter2-0.4.14.tgz#8f61b75cde012b2e9eb284d4545583b5643b61ab"

extend@~3.0.0:
  version "3.0.2"
  resolved "http://r.cnpmjs.org/extend/download/extend-3.0.2.tgz#f8b1136b4071fbd8eb140aff858b1019ec2915fa"

extract-zip@~1.5.0:
  version "1.5.0"
  resolved "http://r.cnpmjs.org/extract-zip/download/extract-zip-1.5.0.tgz#92ccf6d81ef70a9fa4c1747114ccef6d8688a6c4"
  dependencies:
    concat-stream "1.5.0"
    debug "0.7.4"
    mkdirp "0.5.0"
    yauzl "2.4.1"

extsprintf@1.3.0:
  version "1.3.0"
  resolved "http://r.cnpmjs.org/extsprintf/download/extsprintf-1.3.0.tgz#96918440e3041a7a414f8c52e3c574eb3c3e1e05"

extsprintf@^1.2.0:
  version "1.4.0"
  resolved "http://r.cnpmjs.org/extsprintf/download/extsprintf-1.4.0.tgz#e2689f8f356fad62cca65a3a91c5df5f9551692f"

faye-websocket@~0.4.3:
  version "0.4.4"
  resolved "http://r.cnpmjs.org/faye-websocket/download/faye-websocket-0.4.4.tgz#c14c5b3bf14d7417ffbfd990c0a7495cd9f337bc"

fd-slicer@~1.0.1:
  version "1.0.1"
  resolved "http://r.cnpmjs.org/fd-slicer/download/fd-slicer-1.0.1.tgz#8b5bcbd9ec327c5041bf9ab023fd6750f1177e65"
  dependencies:
    pend "~1.2.0"

fileset@~0.1.5:
  version "0.1.8"
  resolved "http://r.cnpmjs.org/fileset/download/fileset-0.1.8.tgz#506b91a9396eaa7e32fb42a84077c7a0c736b741"
  dependencies:
    glob "3.x"
    minimatch "0.x"

findup-sync@^0.1.2, findup-sync@~0.1.0:
  version "0.1.3"
  resolved "http://r.cnpmjs.org/findup-sync/download/findup-sync-0.1.3.tgz#7f3e7a97b82392c653bf06589bd85190e93c3683"
  dependencies:
    glob "~3.2.9"
    lodash "~2.4.1"

forever-agent@~0.6.1:
  version "0.6.1"
  resolved "http://r.cnpmjs.org/forever-agent/download/forever-agent-0.6.1.tgz#fbc71f0c41adeb37f96c577ad1ed42d8fdacca91"

form-data@~1.0.0-rc3:
  version "1.0.1"
  resolved "http://r.cnpmjs.org/form-data/download/form-data-1.0.1.tgz#ae315db9a4907fa065502304a66d7733475ee37c"
  dependencies:
    async "^2.0.1"
    combined-stream "^1.0.5"
    mime-types "^2.1.11"

fresh@0.2.0:
  version "0.2.0"
  resolved "http://r.cnpmjs.org/fresh/download/fresh-0.2.0.tgz#bfd9402cf3df12c4a4c310c79f99a3dde13d34a7"

fs-extra@~0.26.4:
  version "0.26.7"
  resolved "http://r.cnpmjs.org/fs-extra/download/fs-extra-0.26.7.tgz#9ae1fdd94897798edab76d0918cf42d0c3184fa9"
  dependencies:
    graceful-fs "^4.1.2"
    jsonfile "^2.1.0"
    klaw "^1.0.0"
    path-is-absolute "^1.0.0"
    rimraf "^2.2.8"

fs.realpath@^1.0.0:
  version "1.0.0"
  resolved "http://r.cnpmjs.org/fs.realpath/download/fs.realpath-1.0.0.tgz#1504ad2523158caa40db4a2787cb01411994ea4f"

gaze@~0.3.4:
  version "0.3.4"
  resolved "http://r.cnpmjs.org/gaze/download/gaze-0.3.4.tgz#5f94bdda0afe53bc710969bcd6f282548d60c279"
  dependencies:
    fileset "~0.1.5"
    minimatch "~0.2.9"

generate-function@^2.0.0:
  version "2.3.1"
  resolved "http://r.cnpmjs.org/generate-function/download/generate-function-2.3.1.tgz#f069617690c10c868e73b8465746764f97c3479f"
  dependencies:
    is-property "^1.0.2"

generate-object-property@^1.1.0:
  version "1.2.0"
  resolved "http://r.cnpmjs.org/generate-object-property/download/generate-object-property-1.2.0.tgz#9c0e1c40308ce804f4783618b937fa88f99d50d0"
  dependencies:
    is-property "^1.0.0"

getpass@^0.1.1:
  version "0.1.7"
  resolved "http://r.cnpmjs.org/getpass/download/getpass-0.1.7.tgz#5eff8e3e684d569ae4cb2b1282604e8ba62149fa"
  dependencies:
    assert-plus "^1.0.0"

glob@3.x, glob@~3.2.6, glob@~3.2.9:
  version "3.2.11"
  resolved "http://r.cnpmjs.org/glob/download/glob-3.2.11.tgz#4a973f635b9190f715d10987d5c00fd2815ebe3d"
  dependencies:
    inherits "2"
    minimatch "0.3"

glob@^7.1.3:
  version "7.1.4"
  resolved "http://r.cnpmjs.org/glob/download/glob-7.1.4.tgz#aa608a2f6c577ad357e1ae5a5c26d9a8d1969255"
  dependencies:
    fs.realpath "^1.0.0"
    inflight "^1.0.4"
    inherits "2"
    minimatch "^3.0.4"
    once "^1.3.0"
    path-is-absolute "^1.0.0"

glob@~3.1.21:
  version "3.1.21"
  resolved "http://r.cnpmjs.org/glob/download/glob-3.1.21.tgz#d29e0a055dea5138f4d07ed40e8982e83c2066cd"
  dependencies:
    graceful-fs "~1.2.0"
    inherits "1"
    minimatch "~0.2.11"

gmudoc@0.0.3:
  version "0.0.3"
  resolved "http://r.cnpmjs.org/gmudoc/download/gmudoc-0.0.3.tgz#f1f69c91595e1285038170a4b256c0714a81ece7"
  dependencies:
    async "~0.2.9"
    ejs "~0.8.4"
    glob "~3.2.6"
    lodash "~1.3.1"
    marked "~0.2.9"
    qrpng "~0.1.1"
    sha1 "~1.1.0"

graceful-fs@2.0.1:
  version "2.0.1"
  resolved "http://r.cnpmjs.org/graceful-fs/download/graceful-fs-2.0.1.tgz#7fd6e0a4837c35d0cc15330294d9584a3898cf84"

graceful-fs@^4.1.2, graceful-fs@^4.1.6, graceful-fs@^4.1.9:
  version "4.2.1"
  resolved "http://r.cnpmjs.org/graceful-fs/download/graceful-fs-4.2.1.tgz#1c1f0c364882c868f5bff6512146328336a11b1d"

graceful-fs@~1.1:
  version "1.1.14"
  resolved "http://r.cnpmjs.org/graceful-fs/download/graceful-fs-1.1.14.tgz#07078db5f6377f6321fceaaedf497de124dc9465"

graceful-fs@~1.2.0:
  version "1.2.3"
  resolved "http://r.cnpmjs.org/graceful-fs/download/graceful-fs-1.2.3.tgz#15a4806a57547cb2d2dbf27f42e89a8c3451b364"

grunt-contrib-connect@0.7.1:
  version "0.7.1"
  resolved "http://r.cnpmjs.org/grunt-contrib-connect/download/grunt-contrib-connect-0.7.1.tgz#cad8de445a8105b34912d1c20238cce98dc13ebe"
  dependencies:
    async "~0.2.10"
    connect "~2.13.0"
    connect-livereload "~0.3.0"
    open "0.0.4"
    portscanner "0.2.2"

grunt-contrib-copy@0.5.0:
  version "0.5.0"
  resolved "http://r.cnpmjs.org/grunt-contrib-copy/download/grunt-contrib-copy-0.5.0.tgz#410075ac45a5856ba191b1cc725725450d4a0215"

grunt-contrib-qunit@0.4.0:
  version "0.4.0"
  resolved "http://r.cnpmjs.org/grunt-contrib-qunit/download/grunt-contrib-qunit-0.4.0.tgz#01a41b767d24e3edd13ff4739f514c38bfab242e"
  dependencies:
    grunt-lib-phantomjs "~0.5.0"

grunt-contrib-uglify@0.2.1:
  version "0.2.1"
  resolved "http://r.cnpmjs.org/grunt-contrib-uglify/download/grunt-contrib-uglify-0.2.1.tgz#c22cf23e65aab3397fb57219c35a55db1787f6dd"
  dependencies:
    grunt-lib-contrib "~0.6.0"
    uglify-js "~2.3.5"

grunt-contrib-watch@0.4.4:
  version "0.4.4"
  resolved "http://r.cnpmjs.org/grunt-contrib-watch/download/grunt-contrib-watch-0.4.4.tgz#320fc77c5cd33b73e5446cd9ed919612116aa63c"
  dependencies:
    gaze "~0.3.4"
    tiny-lr "0.0.4"

grunt-gh-pages@0.9.0:
  version "0.9.0"
  resolved "http://r.cnpmjs.org/grunt-gh-pages/download/grunt-gh-pages-0.9.0.tgz#e85e83631de536a008365440b3812d4f8a05cb6a"
  dependencies:
    async "0.2.9"
    graceful-fs "2.0.1"
    q "0.9.3"
    q-io "1.6.5"
    wrench "1.5.1"

grunt-jekyll@0.4.1:
  version "0.4.1"
  resolved "http://r.cnpmjs.org/grunt-jekyll/download/grunt-jekyll-0.4.1.tgz#a51986b528b55b6ef766ed39850ce7dc13fe0272"
  dependencies:
    tmp "0.0.21"

grunt-jsbint@0.0.4:
  version "0.0.4"
  resolved "http://r.cnpmjs.org/grunt-jsbint/download/grunt-jsbint-0.0.4.tgz#74630684f7346d46aff613f858f5e59cba077023"
  dependencies:
    jsbint "https://github.com/gmuteam/jsbint/tarball/master"

grunt-lib-contrib@~0.6.0:
  version "0.6.1"
  resolved "http://r.cnpmjs.org/grunt-lib-contrib/download/grunt-lib-contrib-0.6.1.tgz#3f56adb7da06e814795ee2415b0ebe5fb8903ebb"
  dependencies:
    zlib-browserify "0.0.1"

grunt-lib-phantomjs@~0.5.0:
  version "0.5.0"
  resolved "http://r.cnpmjs.org/grunt-lib-phantomjs/download/grunt-lib-phantomjs-0.5.0.tgz#dfc6bd5ba01cd0234c4920c9154a4654392eeaae"
  dependencies:
    eventemitter2 "~0.4.9"
    phantomjs "~1.9.0-1"
    semver "~1.0.14"
    temporary "~0.0.4"

grunt-size@0.1.0:
  version "0.1.0"
  resolved "http://r.cnpmjs.org/grunt-size/download/grunt-size-0.1.0.tgz#fe82d69f28beb61853c2614dec0ac38a0d4072c0"
  dependencies:
    uglify-js "~2.2.5"
    zlib-browserify "0.0.1"

grunt@0.4.1:
  version "0.4.1"
  resolved "http://r.cnpmjs.org/grunt/download/grunt-0.4.1.tgz#d5892e5680add9ed1befde9aa635cf46b8f49729"
  dependencies:
    async "~0.1.22"
    coffee-script "~1.3.3"
    colors "~0.6.0-1"
    dateformat "1.0.2-1.2.3"
    eventemitter2 "~0.4.9"
    findup-sync "~0.1.0"
    glob "~3.1.21"
    hooker "~0.2.3"
    iconv-lite "~0.2.5"
    js-yaml "~2.0.2"
    lodash "~0.9.0"
    minimatch "~0.2.6"
    nopt "~1.0.10"
    rimraf "~2.0.2"
    underscore.string "~2.2.0rc"
    which "~1.0.5"

har-validator@~2.0.2:
  version "2.0.6"
  resolved "http://r.cnpmjs.org/har-validator/download/har-validator-2.0.6.tgz#cdcbc08188265ad119b6a5a7c8ab70eecfb5d27d"
  dependencies:
    chalk "^1.1.1"
    commander "^2.9.0"
    is-my-json-valid "^2.12.4"
    pinkie-promise "^2.0.0"

has-ansi@^2.0.0:
  version "2.0.0"
  resolved "http://r.cnpmjs.org/has-ansi/download/has-ansi-2.0.0.tgz#34f5049ce1ecdf2b0649af3ef24e45ed35416d91"
  dependencies:
    ansi-regex "^2.0.0"

hasha@^2.2.0:
  version "2.2.0"
  resolved "http://r.cnpmjs.org/hasha/download/hasha-2.2.0.tgz#78d7cbfc1e6d66303fe79837365984517b2f6ee1"
  dependencies:
    is-stream "^1.0.1"
    pinkie-promise "^2.0.0"

hawk@~3.1.0:
  version "3.1.3"
  resolved "http://r.cnpmjs.org/hawk/download/hawk-3.1.3.tgz#078444bd7c1640b0fe540d2c9b73d59678e8e1c4"
  dependencies:
    boom "2.x.x"
    cryptiles "2.x.x"
    hoek "2.x.x"
    sntp "1.x.x"

hoek@2.x.x:
  version "2.16.3"
  resolved "http://r.cnpmjs.org/hoek/download/hoek-2.16.3.tgz#20bb7403d3cea398e91dc4710a8ff1b8274a25ed"

hooker@~0.2.3:
  version "0.2.3"
  resolved "http://r.cnpmjs.org/hooker/download/hooker-0.2.3.tgz#b834f723cc4a242aa65963459df6d984c5d3d959"

http-signature@~1.1.0:
  version "1.1.1"
  resolved "http://r.cnpmjs.org/http-signature/download/http-signature-1.1.1.tgz#df72e267066cd0ac67fb76adf8e134a8fbcf91bf"
  dependencies:
    assert-plus "^0.2.0"
    jsprim "^1.2.2"
    sshpk "^1.7.0"

iconv-lite@~0.2.5:
  version "0.2.11"
  resolved "http://r.cnpmjs.org/iconv-lite/download/iconv-lite-0.2.11.tgz#1ce60a3a57864a292d1321ff4609ca4bb965adc8"

inflight@^1.0.4:
  version "1.0.6"
  resolved "http://r.cnpmjs.org/inflight/download/inflight-1.0.6.tgz#49bd6331d7d02d0c09bc910a1075ba8165b56df9"
  dependencies:
    once "^1.3.0"
    wrappy "1"

inherits@1:
  version "1.0.2"
  resolved "http://r.cnpmjs.org/inherits/download/inherits-1.0.2.tgz#ca4309dadee6b54cc0b8d247e8d7c7a0975bdc9b"

inherits@2, inherits@~2.0.1:
  version "2.0.4"
  resolved "http://r.cnpmjs.org/inherits/download/inherits-2.0.4.tgz#0fa2c64f932917c3433a0ded55363aae37416b7c"

is-my-ip-valid@^1.0.0:
  version "1.0.0"
  resolved "http://r.cnpmjs.org/is-my-ip-valid/download/is-my-ip-valid-1.0.0.tgz#7b351b8e8edd4d3995d4d066680e664d94696824"

is-my-json-valid@^2.12.4:
  version "2.20.0"
  resolved "http://r.cnpmjs.org/is-my-json-valid/download/is-my-json-valid-2.20.0.tgz#1345a6fca3e8daefc10d0fa77067f54cedafd59a"
  dependencies:
    generate-function "^2.0.0"
    generate-object-property "^1.1.0"
    is-my-ip-valid "^1.0.0"
    jsonpointer "^4.0.0"
    xtend "^4.0.0"

is-property@^1.0.0, is-property@^1.0.2:
  version "1.0.2"
  resolved "http://r.cnpmjs.org/is-property/download/is-property-1.0.2.tgz#57fe1c4e48474edd65b09911f26b1cd4095dda84"

is-stream@^1.0.1:
  version "1.1.0"
  resolved "http://r.cnpmjs.org/is-stream/download/is-stream-1.1.0.tgz#12d4a3dd4e68e0b79ceb8dbc84173ae80d91ca44"

is-typedarray@~1.0.0:
  version "1.0.0"
  resolved "http://r.cnpmjs.org/is-typedarray/download/is-typedarray-1.0.0.tgz#e479c80858df0c1b11ddda6940f96011fcda4a9a"

isarray@0.0.1:
  version "0.0.1"
  resolved "http://r.cnpmjs.org/isarray/download/isarray-0.0.1.tgz#8a18acfca9a8f4177e09abfc6038939b05d1eedf"

isarray@~1.0.0:
  version "1.0.0"
  resolved "http://r.cnpmjs.org/isarray/download/isarray-1.0.0.tgz#bb935d48582cba168c06834957a54a3e07124f11"

isexe@^2.0.0:
  version "2.0.0"
  resolved "http://r.cnpmjs.org/isexe/download/isexe-2.0.0.tgz#e8fbf374dc556ff8947a10dcb0572d633f2cfa10"

isstream@~0.1.2:
  version "0.1.2"
  resolved "http://r.cnpmjs.org/isstream/download/isstream-0.1.2.tgz#47e63f7af55afa6f92e1500e690eb8b8529c099a"

js-yaml@~2.0.2:
  version "2.0.5"
  resolved "http://r.cnpmjs.org/js-yaml/download/js-yaml-2.0.5.tgz#a25ae6509999e97df278c6719da11bd0687743a8"
  dependencies:
    argparse "~ 0.1.11"
    esprima "~ 1.0.2"

"jsbint@https://github.com/gmuteam/jsbint/tarball/master":
  version "0.0.7"
  resolved "https://github.com/gmuteam/jsbint/tarball/master#a5ca4afe8288a4cb32f4d063f78de43ffeace24d"
  dependencies:
    commander "~1.1.1"
    glob "~3.1.21"
    underscore "1.4.x"

jsbn@~0.1.0:
  version "0.1.1"
  resolved "http://r.cnpmjs.org/jsbn/download/jsbn-0.1.1.tgz#a5e654c2e5a2deb5f201d96cefbca80c0ef2f513"

json-schema@0.2.3:
  version "0.2.3"
  resolved "http://r.cnpmjs.org/json-schema/download/json-schema-0.2.3.tgz#b480c892e59a2f05954ce727bd3f2a4e882f9e13"

json-stringify-safe@~5.0.1:
  version "5.0.1"
  resolved "http://r.cnpmjs.org/json-stringify-safe/download/json-stringify-safe-5.0.1.tgz#1296a2d58fd45f19a0f6ce01d65701e2c735b6eb"

jsonfile@^2.1.0:
  version "2.4.0"
  resolved "http://r.cnpmjs.org/jsonfile/download/jsonfile-2.4.0.tgz#3736a2b428b87bbda0cc83b53fa3d633a35c2ae8"
  optionalDependencies:
    graceful-fs "^4.1.6"

jsonpointer@^4.0.0:
  version "4.0.1"
  resolved "http://r.cnpmjs.org/jsonpointer/download/jsonpointer-4.0.1.tgz#4fd92cb34e0e9db3c89c8622ecf51f9b978c6cb9"

jsprim@^1.2.2:
  version "1.4.1"
  resolved "http://r.cnpmjs.org/jsprim/download/jsprim-1.4.1.tgz#313e66bc1e5cc06e438bc1b7499c2e5c56acb6a2"
  dependencies:
    assert-plus "1.0.0"
    extsprintf "1.3.0"
    json-schema "0.2.3"
    verror "1.10.0"

kew@~0.7.0:
  version "0.7.0"
  resolved "http://r.cnpmjs.org/kew/download/kew-0.7.0.tgz#79d93d2d33363d6fdd2970b335d9141ad591d79b"

keypress@0.1.x:
  version "0.1.0"
  resolved "http://r.cnpmjs.org/keypress/download/keypress-0.1.0.tgz#4a3188d4291b66b4f65edb99f806aa9ae293592a"

klaw@^1.0.0:
  version "1.3.1"
  resolved "http://r.cnpmjs.org/klaw/download/klaw-1.3.1.tgz#4088433b46b3b1ba259d78785d8e96f73ba02439"
  optionalDependencies:
    graceful-fs "^4.1.9"

load-grunt-tasks@0.4.0:
  version "0.4.0"
  resolved "http://r.cnpmjs.org/load-grunt-tasks/download/load-grunt-tasks-0.4.0.tgz#f824663ffba251b574efda5a935afacefe0a95f4"
  dependencies:
    findup-sync "^0.1.2"
    multimatch "^0.1.0"

lodash@^4.17.14:
  version "4.17.15"
  resolved "http://r.cnpmjs.org/lodash/download/lodash-4.17.15.tgz#b447f6670a0455bbfeedd11392eff330ea097548"

lodash@~0.9.0:
  version "0.9.2"
  resolved "http://r.cnpmjs.org/lodash/download/lodash-0.9.2.tgz#8f3499c5245d346d682e5b0d3b40767e09f1a92c"

lodash@~1.3.1:
  version "1.3.1"
  resolved "http://r.cnpmjs.org/lodash/download/lodash-1.3.1.tgz#a4663b53686b895ff074e2ba504dfb76a8e2b770"

lodash@~2.4.1:
  version "2.4.2"
  resolved "http://r.cnpmjs.org/lodash/download/lodash-2.4.2.tgz#fadd834b9683073da179b3eae6d9c0d15053f73e"

lru-cache@2:
  version "2.7.3"
  resolved "http://r.cnpmjs.org/lru-cache/download/lru-cache-2.7.3.tgz#6d4524e8b955f95d4f5b58851ce21dd72fb4e952"

marked@~0.2.9:
  version "0.2.10"
  resolved "http://r.cnpmjs.org/marked/download/marked-0.2.10.tgz#d5fd68271caae61c55d291d07bd5034cff5e73ee"

methods@0.1.0:
  version "0.1.0"
  resolved "http://r.cnpmjs.org/methods/download/methods-0.1.0.tgz#335d429eefd21b7bacf2e9c922a8d2bd14a30e4f"

mime-db@1.40.0:
  version "1.40.0"
  resolved "http://r.cnpmjs.org/mime-db/download/mime-db-1.40.0.tgz#a65057e998db090f732a68f6c276d387d4126c32"

mime-types@^2.1.11, mime-types@~2.1.7:
  version "2.1.24"
  resolved "http://r.cnpmjs.org/mime-types/download/mime-types-2.1.24.tgz#b6f8d0b3e951efb77dedeca194cff6d16f676f81"
  dependencies:
    mime-db "1.40.0"

mime@~1.2, mime@~1.2.9:
  version "1.2.11"
  resolved "http://r.cnpmjs.org/mime/download/mime-1.2.11.tgz#58203eed86e3a5ef17aed2b7d9ebd47f0a60dd10"

mimeparse@~0.1.4:
  version "0.1.4"
  resolved "http://r.cnpmjs.org/mimeparse/download/mimeparse-0.1.4.tgz#dafb02752370fd226093ae3152c271af01ac254a"

minimatch@0.3:
  version "0.3.0"
  resolved "http://r.cnpmjs.org/minimatch/download/minimatch-0.3.0.tgz#275d8edaac4f1bb3326472089e7949c8394699dd"
  dependencies:
    lru-cache "2"
    sigmund "~1.0.0"

minimatch@0.x:
  version "0.4.0"
  resolved "http://r.cnpmjs.org/minimatch/download/minimatch-0.4.0.tgz#bd2c7d060d2c8c8fd7cde7f1f2ed2d5b270fdb1b"
  dependencies:
    lru-cache "2"
    sigmund "~1.0.0"

minimatch@^3.0.4:
  version "3.0.4"
  resolved "http://r.cnpmjs.org/minimatch/download/minimatch-3.0.4.tgz#5166e286457f03306064be5497e8dbb0c3d32083"
  dependencies:
    brace-expansion "^1.1.7"

minimatch@~0.2.11, minimatch@~0.2.14, minimatch@~0.2.6, minimatch@~0.2.9:
  version "0.2.14"
  resolved "http://r.cnpmjs.org/minimatch/download/minimatch-0.2.14.tgz#c74e780574f63c6f9a090e90efbe6ef53a6a756a"
  dependencies:
    lru-cache "2"
    sigmund "~1.0.0"

minimist@0.0.8:
  version "0.0.8"
  resolved "http://r.cnpmjs.org/minimist/download/minimist-0.0.8.tgz#857fcabfc3397d2625b8228262e86aa7a011b05d"

mkdirp@0.5.0:
  version "0.5.0"
  resolved "http://r.cnpmjs.org/mkdirp/download/mkdirp-0.5.0.tgz#1d73076a6df986cd9344e15e71fcc05a4c9abf12"
  dependencies:
    minimist "0.0.8"

ms@^2.1.1:
  version "2.1.2"
  resolved "http://r.cnpmjs.org/ms/download/ms-2.1.2.tgz#d09d1f357b443f493382a8eb3ccd183872ae6009"

multimatch@^0.1.0:
  version "0.1.0"
  resolved "http://r.cnpmjs.org/multimatch/download/multimatch-0.1.0.tgz#099d9f8f8463ac36cfbfa27360bc16cee87ded64"
  dependencies:
    lodash "~2.4.1"
    minimatch "~0.2.14"

multiparty@2.2.0:
  version "2.2.0"
  resolved "http://r.cnpmjs.org/multiparty/download/multiparty-2.2.0.tgz#a567c2af000ad22dc8f2a653d91978ae1f5316f4"
  dependencies:
    readable-stream "~1.1.9"
    stream-counter "~0.2.0"

negotiator@0.3.0:
  version "0.3.0"
  resolved "http://r.cnpmjs.org/negotiator/download/negotiator-0.3.0.tgz#706d692efeddf574d57ea9fb1ab89a4fa7ee8f60"

node-uuid@~1.4.7:
  version "1.4.8"
  resolved "http://r.cnpmjs.org/node-uuid/download/node-uuid-1.4.8.tgz#b040eb0923968afabf8d32fb1f17f1167fdab907"

nopt@~1.0.10:
  version "1.0.10"
  resolved "http://r.cnpmjs.org/nopt/download/nopt-1.0.10.tgz#6ddd21bd2a31417b92727dd585f8a6f37608ebee"
  dependencies:
    abbrev "1"

nopt@~2.0.0:
  version "2.0.0"
  resolved "http://r.cnpmjs.org/nopt/download/nopt-2.0.0.tgz#ca7416f20a5e3f9c3b86180f96295fa3d0b52e0d"
  dependencies:
    abbrev "1"

noptify@latest:
  version "0.0.3"
  resolved "http://r.cnpmjs.org/noptify/download/noptify-0.0.3.tgz#58f654a73d9753df0c51d9686dc92104a67f4bbb"
  dependencies:
    nopt "~2.0.0"

oauth-sign@~0.8.0:
  version "0.8.2"
  resolved "http://r.cnpmjs.org/oauth-sign/download/oauth-sign-0.8.2.tgz#46a6ab7f0aead8deae9ec0565780b7d4efeb9d43"

once@^1.3.0:
  version "1.4.0"
  resolved "http://r.cnpmjs.org/once/download/once-1.4.0.tgz#583b1aa775961d4b113ac17d9c50baef9dd76bd1"
  dependencies:
    wrappy "1"

open@0.0.4:
  version "0.0.4"
  resolved "http://r.cnpmjs.org/open/download/open-0.0.4.tgz#5de46a0858b9f49f9f211aa8f26628550657f262"

optimist@~0.3.5:
  version "0.3.7"
  resolved "http://r.cnpmjs.org/optimist/download/optimist-0.3.7.tgz#c90941ad59e4273328923074d2cf2e7cbc6ec0d9"
  dependencies:
    wordwrap "~0.0.2"

"package@>= 1.0.0 < 1.2.0":
  version "1.0.1"
  resolved "http://r.cnpmjs.org/package/download/package-1.0.1.tgz#d25a1f99e2506dcb27d6704b83dca8a312e4edcc"

path-is-absolute@^1.0.0:
  version "1.0.1"
  resolved "http://r.cnpmjs.org/path-is-absolute/download/path-is-absolute-1.0.1.tgz#174b9268735534ffbc7ace6bf53a5a9e1b5c5f5f"

pause@0.0.1:
  version "0.0.1"
  resolved "http://r.cnpmjs.org/pause/download/pause-0.0.1.tgz#1d408b3fdb76923b9543d96fb4c9dfd535d9cb5d"

pend@~1.2.0:
  version "1.2.0"
  resolved "http://r.cnpmjs.org/pend/download/pend-1.2.0.tgz#7a57eb550a6783f9115331fcf4663d5c8e007a50"

phantomjs@~1.9.0-1:
  version "1.9.20"
  resolved "http://r.cnpmjs.org/phantomjs/download/phantomjs-1.9.20.tgz#4424aca20e14d255c0b0889af6f6b8973da10e0d"
  dependencies:
    extract-zip "~1.5.0"
    fs-extra "~0.26.4"
    hasha "^2.2.0"
    kew "~0.7.0"
    progress "~1.1.8"
    request "~2.67.0"
    request-progress "~2.0.1"
    which "~1.2.2"

pinkie-promise@^2.0.0:
  version "2.0.1"
  resolved "http://r.cnpmjs.org/pinkie-promise/download/pinkie-promise-2.0.1.tgz#2135d6dfa7a358c069ac9b178776288228450ffa"
  dependencies:
    pinkie "^2.0.0"

pinkie@^2.0.0:
  version "2.0.4"
  resolved "http://r.cnpmjs.org/pinkie/download/pinkie-2.0.4.tgz#72556b80cfa0d48a974e80e77248e80ed4f7f870"

portscanner@0.2.2:
  version "0.2.2"
  resolved "http://r.cnpmjs.org/portscanner/download/portscanner-0.2.2.tgz#8393ee1284e6e1af3fd7d5f606a2fd378ce37438"
  dependencies:
    async "0.1.15"

process-nextick-args@~1.0.6:
  version "1.0.7"
  resolved "http://r.cnpmjs.org/process-nextick-args/download/process-nextick-args-1.0.7.tgz#150e20b756590ad3f91093f25a4f2ad8bff30ba3"

progress@~1.1.8:
  version "1.1.8"
  resolved "http://r.cnpmjs.org/progress/download/progress-1.1.8.tgz#e260c78f6161cdd9b0e56cc3e0a85de17c7a57be"

q-io@1.6.5:
  version "1.6.5"
  resolved "http://r.cnpmjs.org/q-io/download/q-io-1.6.5.tgz#335bb9b93cf7fc9337c0ec15fa2d21a65860195a"
  dependencies:
    collections "~0.1.3"
    mime "~1.2"
    mimeparse "~0.1.4"
    q "~0.9.1"
    qs "~0.1.0"
    url2 "~0.0.0"

q@0.9.3:
  version "0.9.3"
  resolved "http://r.cnpmjs.org/q/download/q-0.9.3.tgz#404eabbad0d031ed35fcb53f7c5bc06283b4e74c"

q@~0.9.1:
  version "0.9.7"
  resolved "http://r.cnpmjs.org/q/download/q-0.9.7.tgz#4de2e6cb3b29088c9e4cbc03bf9d42fb96ce2f75"

qrpng@~0.1.1:
  version "0.1.2"
  resolved "http://r.cnpmjs.org/qrpng/download/qrpng-0.1.2.tgz#f417cf4e2479a545ae9d4b88bb2fb39054f6535e"
  dependencies:
    buffer-crc32 "*"

qs@0.6.6:
  version "0.6.6"
  resolved "http://r.cnpmjs.org/qs/download/qs-0.6.6.tgz#6e015098ff51968b8a3c819001d5f2c89bc4b107"

qs@~0.1.0:
  version "0.1.0"
  resolved "http://r.cnpmjs.org/qs/download/qs-0.1.0.tgz#9a0d2d70d01f63d3401ea4b050822601b462ee6b"

qs@~0.5.2:
  version "0.5.6"
  resolved "http://r.cnpmjs.org/qs/download/qs-0.5.6.tgz#31b1ad058567651c526921506b9a8793911a0384"

qs@~5.2.0:
  version "5.2.1"
  resolved "http://r.cnpmjs.org/qs/download/qs-5.2.1.tgz#801fee030e0b9450d6385adc48a4cc55b44aedfc"

range-parser@0.0.4:
  version "0.0.4"
  resolved "http://r.cnpmjs.org/range-parser/download/range-parser-0.0.4.tgz#c0427ffef51c10acba0782a46c9602e744ff620b"

raw-body@1.1.3:
  version "1.1.3"
  resolved "http://r.cnpmjs.org/raw-body/download/raw-body-1.1.3.tgz#3d2f91e2449259cc67b8c3ce9f061db5b987935b"
  dependencies:
    bytes "~0.2.1"

readable-stream@~1.1.8, readable-stream@~1.1.9:
  version "1.1.14"
  resolved "http://r.cnpmjs.org/readable-stream/download/readable-stream-1.1.14.tgz#7cf4c54ef648e3813084c636dd2079e166c081d9"
  dependencies:
    core-util-is "~1.0.0"
    inherits "~2.0.1"
    isarray "0.0.1"
    string_decoder "~0.10.x"

readable-stream@~2.0.0, readable-stream@~2.0.5:
  version "2.0.6"
  resolved "http://r.cnpmjs.org/readable-stream/download/readable-stream-2.0.6.tgz#8f90341e68a53ccc928788dacfcd11b36eb9b78e"
  dependencies:
    core-util-is "~1.0.0"
    inherits "~2.0.1"
    isarray "~1.0.0"
    process-nextick-args "~1.0.6"
    string_decoder "~0.10.x"
    util-deprecate "~1.0.1"

request-progress@~2.0.1:
  version "2.0.1"
  resolved "http://r.cnpmjs.org/request-progress/download/request-progress-2.0.1.tgz#5d36bb57961c673aa5b788dbc8141fdf23b44e08"
  dependencies:
    throttleit "^1.0.0"

request@~2.67.0:
  version "2.67.0"
  resolved "http://r.cnpmjs.org/request/download/request-2.67.0.tgz#8af74780e2bf11ea0ae9aa965c11f11afd272742"
  dependencies:
    aws-sign2 "~0.6.0"
    bl "~1.0.0"
    caseless "~0.11.0"
    combined-stream "~1.0.5"
    extend "~3.0.0"
    forever-agent "~0.6.1"
    form-data "~1.0.0-rc3"
    har-validator "~2.0.2"
    hawk "~3.1.0"
    http-signature "~1.1.0"
    is-typedarray "~1.0.0"
    isstream "~0.1.2"
    json-stringify-safe "~5.0.1"
    mime-types "~2.1.7"
    node-uuid "~1.4.7"
    oauth-sign "~0.8.0"
    qs "~5.2.0"
    stringstream "~0.0.4"
    tough-cookie "~2.2.0"
    tunnel-agent "~0.4.1"

requirejs@2.1.9:
  version "2.1.9"
  resolved "http://r.cnpmjs.org/requirejs/download/requirejs-2.1.9.tgz#624e10d22863e8db9aebfb8f21809ca59da42344"

rimraf@^2.2.8:
  version "2.6.3"
  resolved "http://r.cnpmjs.org/rimraf/download/rimraf-2.6.3.tgz#b2d104fe0d8fb27cf9e0a1cda8262dd3833c6cab"
  dependencies:
    glob "^7.1.3"

rimraf@~2.0.2:
  version "2.0.3"
  resolved "http://r.cnpmjs.org/rimraf/download/rimraf-2.0.3.tgz#f50a2965e7144e9afd998982f15df706730f56a9"
  optionalDependencies:
    graceful-fs "~1.1"

safer-buffer@^2.0.2, safer-buffer@^2.1.0, safer-buffer@~2.1.0:
  version "2.1.2"
  resolved "http://r.cnpmjs.org/safer-buffer/download/safer-buffer-2.1.2.tgz#44fa161b0187b9549dd84bb91802f9bd8385cd6a"

semver@~1.0.14:
  version "1.0.14"
  resolved "http://r.cnpmjs.org/semver/download/semver-1.0.14.tgz#cac5e2d55a6fbf958cb220ae844045071c78f676"

send@0.1.4:
  version "0.1.4"
  resolved "http://r.cnpmjs.org/send/download/send-0.1.4.tgz#be70d8d1be01de61821af13780b50345a4f71abd"
  dependencies:
    debug "*"
    fresh "0.2.0"
    mime "~1.2.9"
    range-parser "0.0.4"

sha1@~1.1.0:
  version "1.1.1"
  resolved "http://r.cnpmjs.org/sha1/download/sha1-1.1.1.tgz#addaa7a93168f393f19eb2b15091618e2700f848"
  dependencies:
    charenc ">= 0.0.1"
    crypt ">= 0.0.1"

sigmund@~1.0.0:
  version "1.0.1"
  resolved "http://r.cnpmjs.org/sigmund/download/sigmund-1.0.1.tgz#3ff21f198cad2175f9f3b781853fd94d0d19b590"

sntp@1.x.x:
  version "1.0.9"
  resolved "http://r.cnpmjs.org/sntp/download/sntp-1.0.9.tgz#6541184cc90aeea6c6e7b35e2659082443c66198"
  dependencies:
    hoek "2.x.x"

source-map@~0.1.7:
  version "0.1.43"
  resolved "http://r.cnpmjs.org/source-map/download/source-map-0.1.43.tgz#c24bc146ca517c1471f5dacbe2571b2b7f9e3346"
  dependencies:
    amdefine ">=0.0.4"

sshpk@^1.7.0:
  version "1.16.1"
  resolved "http://r.cnpmjs.org/sshpk/download/sshpk-1.16.1.tgz#fb661c0bef29b39db40769ee39fa70093d6f6877"
  dependencies:
    asn1 "~0.2.3"
    assert-plus "^1.0.0"
    bcrypt-pbkdf "^1.0.0"
    dashdash "^1.12.0"
    ecc-jsbn "~0.1.1"
    getpass "^0.1.1"
    jsbn "~0.1.0"
    safer-buffer "^2.0.2"
    tweetnacl "~0.14.0"

stream-counter@~0.2.0:
  version "0.2.0"
  resolved "http://r.cnpmjs.org/stream-counter/download/stream-counter-0.2.0.tgz#ded266556319c8b0e222812b9cf3b26fa7d947de"
  dependencies:
    readable-stream "~1.1.8"

string_decoder@~0.10.x:
  version "0.10.31"
  resolved "http://r.cnpmjs.org/string_decoder/download/string_decoder-0.10.31.tgz#62e203bc41766c6c28c9fc84301dab1c5310fa94"

stringstream@~0.0.4:
  version "0.0.6"
  resolved "http://r.cnpmjs.org/stringstream/download/stringstream-0.0.6.tgz#7880225b0d4ad10e30927d167a1d6f2fd3b33a72"

strip-ansi@^3.0.0:
  version "3.0.1"
  resolved "http://r.cnpmjs.org/strip-ansi/download/strip-ansi-3.0.1.tgz#6a385fb8853d952d5ff05d0e8aaf94278dc63dcf"
  dependencies:
    ansi-regex "^2.0.0"

supports-color@^2.0.0:
  version "2.0.0"
  resolved "http://r.cnpmjs.org/supports-color/download/supports-color-2.0.0.tgz#535d045ce6b6363fa40117084629995e9df324c7"

temporary@~0.0.4:
  version "0.0.8"
  resolved "http://r.cnpmjs.org/temporary/download/temporary-0.0.8.tgz#a18a981d28ba8ca36027fb3c30538c3ecb740ac0"
  dependencies:
    package ">= 1.0.0 < 1.2.0"

throttleit@^1.0.0:
  version "1.0.0"
  resolved "http://r.cnpmjs.org/throttleit/download/throttleit-1.0.0.tgz#9e785836daf46743145a5984b6268d828528ac6c"

tiny-lr@0.0.4:
  version "0.0.4"
  resolved "http://r.cnpmjs.org/tiny-lr/download/tiny-lr-0.0.4.tgz#80618547f63f697d05cb40c4c2c4b083521aefb6"
  dependencies:
    debug "~0.7.0"
    faye-websocket "~0.4.3"
    noptify latest
    qs "~0.5.2"

tmp@0.0.21:
  version "0.0.21"
  resolved "http://r.cnpmjs.org/tmp/download/tmp-0.0.21.tgz#6d263fede6570dc4d4510ffcc2efc640223b1153"

tough-cookie@~2.2.0:
  version "2.2.2"
  resolved "http://r.cnpmjs.org/tough-cookie/download/tough-cookie-2.2.2.tgz#c83a1830f4e5ef0b93ef2a3488e724f8de016ac7"

tunnel-agent@~0.4.1:
  version "0.4.3"
  resolved "http://r.cnpmjs.org/tunnel-agent/download/tunnel-agent-0.4.3.tgz#6373db76909fe570e08d73583365ed828a74eeeb"

tweetnacl@^0.14.3, tweetnacl@~0.14.0:
  version "0.14.5"
  resolved "http://r.cnpmjs.org/tweetnacl/download/tweetnacl-0.14.5.tgz#5ae68177f192d4456269d108afa93ff8743f4f64"

typedarray@~0.0.5:
  version "0.0.6"
  resolved "http://r.cnpmjs.org/typedarray/download/typedarray-0.0.6.tgz#867ac74e3864187b1d3d47d996a78ec5c8830777"

uglify-js@~2.2.5:
  version "2.2.5"
  resolved "http://r.cnpmjs.org/uglify-js/download/uglify-js-2.2.5.tgz#a6e02a70d839792b9780488b7b8b184c095c99c7"
  dependencies:
    optimist "~0.3.5"
    source-map "~0.1.7"

uglify-js@~2.3.5:
  version "2.3.6"
  resolved "http://r.cnpmjs.org/uglify-js/download/uglify-js-2.3.6.tgz#fa0984770b428b7a9b2a8058f46355d14fef211a"
  dependencies:
    async "~0.2.6"
    optimist "~0.3.5"
    source-map "~0.1.7"

uid2@0.0.3:
  version "0.0.3"
  resolved "http://r.cnpmjs.org/uid2/download/uid2-0.0.3.tgz#483126e11774df2f71b8b639dcd799c376162b82"

underscore.string@~2.2.0rc:
  version "2.2.1"
  resolved "http://r.cnpmjs.org/underscore.string/download/underscore.string-2.2.1.tgz#d7c0fa2af5d5a1a67f4253daee98132e733f0f19"

underscore.string@~2.4.0:
  version "2.4.0"
  resolved "http://r.cnpmjs.org/underscore.string/download/underscore.string-2.4.0.tgz#8cdd8fbac4e2d2ea1e7e2e8097c42f442280f85b"

underscore@1.4.x:
  version "1.4.4"
  resolved "http://r.cnpmjs.org/underscore/download/underscore-1.4.4.tgz#61a6a32010622afa07963bf325203cf12239d604"

underscore@~1.7.0:
  version "1.7.0"
  resolved "http://r.cnpmjs.org/underscore/download/underscore-1.7.0.tgz#6bbaf0877500d36be34ecaa584e0db9fef035209"

url2@~0.0.0:
  version "0.0.0"
  resolved "http://r.cnpmjs.org/url2/download/url2-0.0.0.tgz#4eaabd1d5c3ac90d62ab4485c998422865a04b1a"

util-deprecate@~1.0.1:
  version "1.0.2"
  resolved "http://r.cnpmjs.org/util-deprecate/download/util-deprecate-1.0.2.tgz#450d4dc9fa70de732762fbd2d4a28981419a0ccf"

verror@1.10.0:
  version "1.10.0"
  resolved "http://r.cnpmjs.org/verror/download/verror-1.10.0.tgz#3a105ca17053af55d6e270c1f8288682e18da400"
  dependencies:
    assert-plus "^1.0.0"
    core-util-is "1.0.2"
    extsprintf "^1.2.0"

weak-map@1.0.0:
  version "1.0.0"
  resolved "http://r.cnpmjs.org/weak-map/download/weak-map-1.0.0.tgz#b66e56a9df0bd25a76bbf1b514db129080614a37"

which@~1.0.5:
  version "1.0.9"
  resolved "http://r.cnpmjs.org/which/download/which-1.0.9.tgz#460c1da0f810103d0321a9b633af9e575e64486f"

which@~1.2.2:
  version "1.2.14"
  resolved "http://r.cnpmjs.org/which/download/which-1.2.14.tgz#9a87c4378f03e827cecaf1acdf56c736c01c14e5"
  dependencies:
    isexe "^2.0.0"

wordwrap@~0.0.2:
  version "0.0.3"
  resolved "http://r.cnpmjs.org/wordwrap/download/wordwrap-0.0.3.tgz#a3d5da6cd5c0bc0008d37234bbaf1bed63059107"

wrappy@1:
  version "1.0.2"
  resolved "http://r.cnpmjs.org/wrappy/download/wrappy-1.0.2.tgz#b5243d8f3ec1aa35f1364605bc0d1036e30ab69f"

wrench@1.5.1:
  version "1.5.1"
  resolved "http://r.cnpmjs.org/wrench/download/wrench-1.5.1.tgz#3f7a519b0e409338723bb039b209a541176baa42"

xtend@^4.0.0:
  version "4.0.2"
  resolved "http://r.cnpmjs.org/xtend/download/xtend-4.0.2.tgz#bb72779f5fa465186b1f438f674fa347fdb5db54"

yauzl@2.4.1:
  version "2.4.1"
  resolved "http://r.cnpmjs.org/yauzl/download/yauzl-2.4.1.tgz#9528f442dab1b2284e58b4379bb194e22e0c4005"
  dependencies:
    fd-slicer "~1.0.1"

zlib-browserify@0.0.1:
  version "0.0.1"
  resolved "http://r.cnpmjs.org/zlib-browserify/download/zlib-browserify-0.0.1.tgz#4fa6a45d00dbc15f318a4afa1d9afc0258e176cc"
